
Microsoft Visual Studio Solution File, Format Version 12.00
# Visual Studio Version 17
VisualStudioVersion = 17.9.34728.123
MinimumVisualStudioVersion = 10.0.40219.1
Project("{FAE04EC0-301F-11D3-BF4B-00C04F79EFBC}") = "SoundStore_POO", "SoundStore_POO\SoundStore_POO.csproj", "{ACBFCF2C-1584-45D9-BA09-CC69C38F4457}"
EndProject
Global
	GlobalSection(SolutionConfigurationPlatforms) = preSolution
		Debug|Any CPU = Debug|Any CPU
		Release|Any CPU = Release|Any CPU
	EndGlobalSection
	GlobalSection(ProjectConfigurationPlatforms) = postSolution
		{ACBFCF2C-1584-45D9-BA09-CC69C38F4457}.Debug|Any CPU.ActiveCfg = Debug|Any CPU
		{ACBFCF2C-1584-45D9-BA09-CC69C38F4457}.Debug|Any CPU.Build.0 = Debug|Any CPU
		{ACBFCF2C-1584-45D9-BA09-CC69C38F4457}.Release|Any CPU.ActiveCfg = Release|Any CPU
		{ACBFCF2C-1584-45D9-BA09-CC69C38F4457}.Release|Any CPU.Build.0 = Release|Any CPU
	EndGlobalSection
	GlobalSection(SolutionProperties) = preSolution
		HideSolutionNode = FALSE
	EndGlobalSection
	GlobalSection(ExtensibilityGlobals) = postSolution
		SolutionGuid = {11B80102-9B42-48BD-8B52-9FA06793C2D3}
	EndGlobalSection
EndGlobal
